Microsoft Visual Studio Solution File, Format Version 12.00
# Visual Studio Version 17
VisualStudioVersion = 17.5.2.0
MinimumVisualStudioVersion = 10.0.40219.1
Project("{FAE04EC0-301F-11D3-BF4B-00C04F79EFBC}") = "thelastsupperticket", "thelastsupperticket.csproj", "{72509DEE-2F03-592A-2726-C49B49FD4F1D}"
EndProject
Global
	GlobalSection(SolutionConfigurationPlatforms) = preSolution
		Debug|Any CPU = Debug|Any CPU
		Release|Any CPU = Release|Any CPU
	EndGlobalSection
	GlobalSection(ProjectConfigurationPlatforms) = postSolution
		{72509DEE-2F03-592A-2726-C49B49FD4F1D}.Debug|Any CPU.ActiveCfg = Debug|Any CPU
		{72509DEE-2F03-592A-2726-C49B49FD4F1D}.Debug|Any CPU.Build.0 = Debug|Any CPU
		{72509DEE-2F03-592A-2726-C49B49FD4F1D}.Release|Any CPU.ActiveCfg = Release|Any CPU
		{72509DEE-2F03-592A-2726-C49B49FD4F1D}.Release|Any CPU.Build.0 = Release|Any CPU
	EndGlobalSection
	GlobalSection(SolutionProperties) = preSolution
		HideSolutionNode = FALSE
	EndGlobalSection
	GlobalSection(ExtensibilityGlobals) = postSolution
		SolutionGuid = {CC6FFA6B-DBBB-4A96-9C34-C89B4A8226F0}
	EndGlobalSection
EndGlobal
